// !$*UTF8*$!
{
	archiveVersion = 1;
	classes = {
	};
	objectVersion = 56;
	objects = {

/* Begin PBXBuildFile section */
		7B0438B0296095A0008D4A47 /* PhotoPairsApp.swift in Sources */ = {isa = PBXBuildFile; fileRef = 7B0438AF296095A0008D4A47 /* PhotoPairsApp.swift */; };
		7B0438B2296095A0008D4A47 /* ContentView.swift in Sources */ = {isa = PBXBuildFile; fileRef = 7B0438B1296095A0008D4A47 /* ContentView.swift */; };
		7B0438B4296095A1008D4A47 /* Assets.xcassets in Resources */ = {isa = PBXBuildFile; fileRef = 7B0438B3296095A1008D4A47 /* Assets.xcassets */; };
		7B0438B7296095A1008D4A47 /* Preview Assets.xcassets in Resources */ = {isa = PBXBuildFile; fileRef = 7B0438B6296095A1008D4A47 /* Preview Assets.xcassets */; };
		7B0438C1296095A2008D4A47 /* PhotoPairsTests.swift in Sources */ = {isa = PBXBuildFile; fileRef = 7B0438C0296095A2008D4A47 /* PhotoPairsTests.swift */; };
		7B0438CB296095A2008D4A47 /* PhotoPairsUITests.swift in Sources */ = {isa = PBXBuildFile; fileRef = 7B0438CA296095A2008D4A47 /* PhotoPairsUITests.swift */; };
		7B0438CD296095A2008D4A47 /* PhotoPairsUITestsLaunchTests.swift in Sources */ = {isa = PBXBuildFile; fileRef = 7B0438CC296095A2008D4A47 /* PhotoPairsUITestsLaunchTests.swift */; };
/* End PBXBuildFile section */

/* Begin PBXContainerItemProxy section */
		7B0438BD296095A2008D4A47 /* PBXContainerItemProxy */ = {
			isa = PBXContainerItemProxy;
			containerPortal = 7B0438A4296095A0008D4A47 /* Project object */;
			proxyType = 1;
			remoteGlobalIDString = 7B0438AB296095A0008D4A47;
			remoteInfo = PhotoPairs;
		};
		7B0438C7296095A2008D4A47 /* PBXContainerItemProxy */ = {
			isa = PBXContainerItemProxy;
			containerPortal = 7B0438A4296095A0008D4A47 /* Project object */;
			proxyType = 1;
			remoteGlobalIDString = 7B0438AB296095A0008D4A47;
			remoteInfo = PhotoPairs;
		};
/* End PBXContainerItemProxy section */

/* Begin PBXFileReference section */
		7B0438AC296095A0008D4A47 /* PhotoPairs.app */ = {isa = PBXFileReference; explicitFileType = wrapper.application; includeInIndex = 0; path = PhotoPairs.app; sourceTree = BUILT_PRODUCTS_DIR; };
		7B0438AF296095A0008D4A47 /* PhotoPairsApp.swift */ = {isa = PBXFileReference; lastKnownFileType = sourcecode.swift; path = PhotoPairsApp.swift; sourceTree = "<group>"; };
		7B0438B1296095A0008D4A47 /* ContentView.swift */ = {isa = PBXFileReference; lastKnownFileType = sourcecode.swift; path = ContentView.swift; sourceTree = "<group>"; };
		7B0438B3296095A1008D4A47 /* Assets.xcassets */ = {isa = PBXFileReference; lastKnownFileType = folder.assetcatalog; path = Assets.xcassets; sourceTree = "<group>"; };
		7B0438B6296095A1008D4A47 /* Preview Assets.xcassets */ = {isa = PBXFileReference; lastKnownFileType = folder.assetcatalog; path = "Preview Assets.xcassets"; sourceTree = "<group>"; };
		7B0438BC296095A2008D4A47 /* PhotoPairsTests.xctest */ = {isa = PBXFileReference; explicitFileType = wrapper.cfbundle; includeInIndex = 0; path = PhotoPairsTests.xctest; sourceTree = BUILT_PRODUCTS_DIR; };
		7B0438C0296095A2008D4A47 /* PhotoPairsTests.swift */ = {isa = PBXFileReference; lastKnownFileType = sourcecode.swift; path = PhotoPairsTests.swift; sourceTree = "<group>"; };
		7B0438C6296095A2008D4A47 /* PhotoPairsUITests.xctest */ = {isa = PBXFileReference; explicitFileType = wrapper.cfbundle; includeInIndex = 0; path = PhotoPairsUITests.xctest; sourceTree = BUILT_PRODUCTS_DIR; };
		7B0438CA296095A2008D4A47 /* PhotoPairsUITests.swift */ = {isa = PBXFileReference; lastKnownFileType = sourcecode.swift; path = PhotoPairsUITests.swift; sourceTree = "<group>"; };
		7B0438CC296095A2008D4A47 /* PhotoPairsUITestsLaunchTests.swift */ = {isa = PBXFileReference; lastKnownFileType = sourcecode.swift; path = PhotoPairsUITestsLaunchTests.swift; sourceTree = "<group>"; };
/* End PBXFileReference section */

/* Begin PBXFrameworksBuildPhase section */
		7B0438A9296095A0008D4A47 /* Frameworks */ = {
			isa = PBXFrameworksBuildPhase;
			buildActionMask = 2147483647;
			files = (
			);
			runOnlyForDeploymentPostprocessing = 0;
		};
		7B0438B9296095A2008D4A47 /* Frameworks */ = {
			isa = PBXFrameworksBuildPhase;
			buildActionMask = 2147483647;
			files = (
			);
			runOnlyForDeploymentPostprocessing = 0;
		};
		7B0438C3296095A2008D4A47 /* Frameworks */ = {
			isa = PBXFrameworksBuildPhase;
			buildActionMask = 2147483647;
			files = (
			);
			runOnlyForDeploymentPostprocessing = 0;
		};
/* End PBXFrameworksBuildPhase section */

/* Begin PBXGroup section */
		7B0438A3296095A0008D4A47 = {
			isa = PBXGroup;
			children = (
				7B0438AE296095A0008D4A47 /* PhotoPairs */,
				7B0438BF296095A2008D4A47 /* PhotoPairsTests */,
				7B0438C9296095A2008D4A47 /* PhotoPairsUITests */,
				7B0438AD296095A0008D4A47 /* Products */,
			);
			sourceTree = "<group>";
		};
		7B0438AD296095A0008D4A47 /* Products */ = {
			isa = PBXGroup;
			children = (
				7B0438AC296095A0008D4A47 /* PhotoPairs.app */,
				7B0438BC296095A2008D4A47 /* PhotoPairsTests.xctest */,
				7B0438C6296095A2008D4A47 /* PhotoPairsUITests.xctest */,
			);
			name = Products;
			sourceTree = "<group>";
		};
		7B0438AE296095A0008D4A47 /* PhotoPairs */ = {
			isa = PBXGroup;
			children = (
				7B0438AF296095A0008D4A47 /* PhotoPairsApp.swift */,
				7B0438B1296095A0008D4A47 /* ContentView.swift */,
				7B0438B3296095A1008D4A47 /* Assets.xcassets */,
				7B0438B5296095A1008D4A47 /* Preview Content */,
			);
			path = PhotoPairs;
			sourceTree = "<group>";
		};
		7B0438B5296095A1008D4A47 /* Preview Content */ = {
			isa = PBXGroup;
			children = (
				7B0438B6296095A1008D4A47 /* Preview Assets.xcassets */,
			);
			path = "Preview Content";
			sourceTree = "<group>";
		};
		7B0438BF296095A2008D4A47 /* PhotoPairsTests */ = {
			isa = PBXGroup;
			children = (
				7B0438C0296095A2008D4A47 /* PhotoPairsTests.swift */,
			);
			path = PhotoPairsTests;
			sourceTree = "<group>";
		};
		7B0438C9296095A2008D4A47 /* PhotoPairsUITests */ = {
			isa = PBXGroup;
			children = (
				7B0438CA296095A2008D4A47 /* PhotoPairsUITests.swift */,
				7B0438CC296095A2008D4A47 /* PhotoPairsUITestsLaunchTests.swift */,
			);
			path = PhotoPairsUITests;
			sourceTree = "<group>";
		};
/* End PBXGroup section */

/* Begin PBXNativeTarget section */
		7B0438AB296095A0008D4A47 /* PhotoPairs */ = {
			isa = PBXNativeTarget;
			buildConfigurationList = 7B0438D0296095A2008D4A47 /* Build configuration list for PBXNativeTarget "PhotoPairs" */;
			buildPhases = (
				7B0438A8296095A0008D4A47 /* Sources */,
				7B0438A9296095A0008D4A47 /* Frameworks */,
				7B0438AA296095A0008D4A47 /* Resources */,
			);
			buildRules = (
			);
			dependencies = (
			);
			name = PhotoPairs;
			productName = PhotoPairs;
			productReference = 7B0438AC296095A0008D4A47 /* PhotoPairs.app */;
			productType = "com.apple.product-type.application";
		};
		7B0438BB296095A2008D4A47 /* PhotoPairsTests */ = {
			isa = PBXNativeTarget;
			buildConfigurationList = 7B0438D3296095A2008D4A47 /* Build configuration list for PBXNativeTarget "PhotoPairsTests" */;
			buildPhases = (
				7B0438B8296095A2008D4A47 /* Sources */,
				7B0438B9296095A2008D4A47 /* Frameworks */,
				7B0438BA296095A2008D4A47 /* Resources */,
			);
			buildRules = (
			);
			dependencies = (
				7B0438BE296095A2008D4A47 /* PBXTargetDependency */,
			);
			name = PhotoPairsTests;
			productName = PhotoPairsTests;
			productReference = 7B0438BC296095A2008D4A47 /* PhotoPairsTests.xctest */;
			productType = "com.apple.product-type.bundle.unit-test";
		};
		7B0438C5296095A2008D4A47 /* PhotoPairsUITests */ = {
			isa = PBXNativeTarget;
			buildConfigurationList = 7B0438D6296095A2008D4A47 /* Build configuration list for PBXNativeTarget "PhotoPairsUITests" */;
			buildPhases = (
				7B0438C2296095A2008D4A47 /* Sources */,
				7B0438C3296095A2008D4A47 /* Frameworks */,
				7B0438C4296095A2008D4A47 /* Resources */,
			);
			buildRules = (
			);
			dependencies = (
				7B0438C8296095A2008D4A47 /* PBXTargetDependency */,
			);
			name = PhotoPairsUITests;
			productName = PhotoPairsUITests;
			productReference = 7B0438C6296095A2008D4A47 /* PhotoPairsUITests.xctest */;
			productType = "com.apple.product-type.bundle.ui-testing";
		};
/* End PBXNativeTarget section */

/* Begin PBXProject section */
		7B0438A4296095A0008D4A47 /* Project object */ = {
			isa = PBXProject;
			attributes = {
				BuildIndependentTargetsInParallel = 1;
				LastSwiftUpdateCheck = 1420;
				LastUpgradeCheck = 1420;
				TargetAttributes = {
					7B0438AB296095A0008D4A47 = {
						CreatedOnToolsVersion = 14.2;
					};
					7B0438BB296095A2008D4A47 = {
						CreatedOnToolsVersion = 14.2;
						TestTargetID = 7B0438AB296095A0008D4A47;
					};
					7B0438C5296095A2008D4A47 = {
						CreatedOnToolsVersion = 14.2;
						TestTargetID = 7B0438AB296095A0008D4A47;
					};
				};
			};
			buildConfigurationList = 7B0438A7296095A0008D4A47 /* Build configuration list for PBXProject "PhotoPairs" */;
			compatibilityVersion = "Xcode 14.0";
			developmentRegion = en;
			hasScannedForEncodings = 0;
			knownRegions = (
				en,
				Base,
			);
			mainGroup = 7B0438A3296095A0008D4A47;
			productRefGroup = 7B0438AD296095A0008D4A47 /* Products */;
			projectDirPath = "";
			projectRoot = "";
			targets = (
				7B0438AB296095A0008D4A47 /* PhotoPairs */,
				7B0438BB296095A2008D4A47 /* PhotoPairsTests */,
				7B0438C5296095A2008D4A47 /* PhotoPairsUITests */,
			);
		};
/* End PBXProject section */

/* Begin PBXResourcesBuildPhase section */
		7B0438AA296095A0008D4A47 /* Resources */ = {
			isa = PBXResourcesBuildPhase;
			buildActionMask = 2147483647;
			files = (
				7B0438B7296095A1008D4A47 /* Preview Assets.xcassets in Resources */,
				7B0438B4296095A1008D4A47 /* Assets.xcassets in Resources */,
			);
			runOnlyForDeploymentPostprocessing = 0;
		};
		7B0438BA296095A2008D4A47 /* Resources */ = {
			isa = PBXResourcesBuildPhase;
			buildActionMask = 2147483647;
			files = (
			);
			runOnlyForDeploymentPostprocessing = 0;
		};
		7B0438C4296095A2008D4A47 /* Resources */ = {
			isa = PBXResourcesBuildPhase;
			buildActionMask = 2147483647;
			files = (
			);
			runOnlyForDeploymentPostprocessing = 0;
		};
/* End PBXResourcesBuildPhase section */

/* Begin PBXSourcesBuildPhase section */
		7B0438A8296095A0008D4A47 /* Sources */ = {
			isa = PBXSourcesBuildPhase;
			buildActionMask = 2147483647;
			files = (
				7B0438B2296095A0008D4A47 /* ContentView.swift in Sources */,
				7B0438B0296095A0008D4A47 /* PhotoPairsApp.swift in Sources */,
			);
			runOnlyForDeploymentPostprocessing = 0;
		};
		7B0438B8296095A2008D4A47 /* Sources */ = {
			isa = PBXSourcesBuildPhase;
			buildActionMask = 2147483647;
			files = (
				7B0438C1296095A2008D4A47 /* PhotoPairsTests.swift in Sources */,
			);
			runOnlyForDeploymentPostprocessing = 0;
		};
		7B0438C2296095A2008D4A47 /* Sources */ = {
			isa = PBXSourcesBuildPhase;
			buildActionMask = 2147483647;
			files = (
				7B0438CB296095A2008D4A47 /* PhotoPairsUITests.swift in Sources */,
				7B0438CD296095A2008D4A47 /* PhotoPairsUITestsLaunchTests.swift in Sources */,
			);
			runOnlyForDeploymentPostprocessing = 0;
		};
/* End PBXSourcesBuildPhase section */

/* Begin PBXTargetDependency section */
		7B0438BE296095A2008D4A47 /* PBXTargetDependency */ = {
			isa = PBXTargetDependency;
			target = 7B0438AB296095A0008D4A47 /* PhotoPairs */;
			targetProxy = 7B0438BD296095A2008D4A47 /* PBXContainerItemProxy */;
		};
		7B0438C8296095A2008D4A47 /* PBXTargetDependency */ = {
			isa = PBXTargetDependency;
			target = 7B0438AB296095A0008D4A47 /* PhotoPairs */;
			targetProxy = 7B0438C7296095A2008D4A47 /* PBXContainerItemProxy */;
		};
/* End PBXTargetDependency section */

/* Begin XCBuildConfiguration section */
		7B0438CE296095A2008D4A47 /* Debug */ = {
			isa = XCBuildConfiguration;
			buildSettings = {
				ALWAYS_SEARCH_USER_PATHS = NO;
				CLANG_ANALYZER_NONNULL = YES;
				CLANG_ANALYZER_NUMBER_OBJECT_CONVERSION = YES_AGGRESSIVE;
				CLANG_CXX_LANGUAGE_STANDARD = "gnu++20";
				CLANG_ENABLE_MODULES = YES;
				CLANG_ENABLE_OBJC_ARC = YES;
				CLANG_ENABLE_OBJC_WEAK = YES;
				CLANG_WARN_BLOCK_CAPTURE_AUTORELEASING = YES;
				CLANG_WARN_BOOL_CONVERSION = YES;
				CLANG_WARN_COMMA = YES;
				CLANG_WARN_CONSTANT_CONVERSION = YES;
				CLANG_WARN_DEPRECATED_OBJC_IMPLEMENTATIONS = YES;
				CLANG_WARN_DIRECT_OBJC_ISA_USAGE = YES_ERROR;
				CLANG_WARN_DOCUMENTATION_COMMENTS = YES;
				CLANG_WARN_EMPTY_BODY = YES;
				CLANG_WARN_ENUM_CONVERSION = YES;
				CLANG_WARN_INFINITE_RECURSION = YES;
				CLANG_WARN_INT_CONVERSION = YES;
				CLANG_WARN_NON_LITERAL_NULL_CONVERSION = YES;
				CLANG_WARN_OBJC_IMPLICIT_RETAIN_SELF = YES;
				CLANG_WARN_OBJC_LITERAL_CONVERSION = YES;
				CLANG_WARN_OBJC_ROOT_CLASS = YES_ERROR;
				CLANG_WARN_QUOTED_INCLUDE_IN_FRAMEWORK_HEADER = YES;
				CLANG_WARN_RANGE_LOOP_ANALYSIS = YES;
				CLANG_WARN_STRICT_PROTOTYPES = YES;
				CLANG_WARN_SUSPICIOUS_MOVE = YES;
				CLANG_WARN_UNGUARDED_AVAILABILITY = YES_AGGRESSIVE;
				CLANG_WARN_UNREACHABLE_CODE = YES;
				CLANG_WARN__DUPLICATE_METHOD_MATCH = YES;
				COPY_PHASE_STRIP = NO;
				DEBUG_INFORMATION_FORMAT = dwarf;
				ENABLE_STRICT_OBJC_MSGSEND = YES;
				ENABLE_TESTABILITY = YES;
				GCC_C_LANGUAGE_STANDARD = gnu11;
				GCC_DYNAMIC_NO_PIC = NO;
				GCC_NO_COMMON_BLOCKS = YES;
				GCC_OPTIMIZATION_LEVEL = 0;
				GCC_PREPROCESSOR_DEFINITIONS = (
					"DEBUG=1",
					"$(inherited)",
				);
				GCC_WARN_64_TO_32_BIT_CONVERSION = YES;
				GCC_WARN_ABOUT_RETURN_TYPE = YES_ERROR;
				GCC_WARN_UNDECLARED_SELECTOR = YES;
				GCC_WARN_UNINITIALIZED_AUTOS = YES_AGGRESSIVE;
				GCC_WARN_UNUSED_FUNCTION = YES;
				GCC_WARN_UNUSED_VARIABLE = YES;
				IPHONEOS_DEPLOYMENT_TARGET = 16.2;
				MTL_ENABLE_DEBUG_INFO = INCLUDE_SOURCE;
				MTL_FAST_MATH = YES;
				ONLY_ACTIVE_ARCH = YES;
				SDKROOT = iphoneos;
				SWIFT_ACTIVE_COMPILATION_CONDITIONS = DEBUG;
				SWIFT_OPTIMIZATION_LEVEL = "-Onone";
			};
			name = Debug;
		};
		7B0438CF296095A2008D4A47 /* Release */ = {
			isa = XCBuildConfiguration;
			buildSettings = {
				ALWAYS_SEARCH_USER_PATHS = NO;
				CLANG_ANALYZER_NONNULL = YES;
				CLANG_ANALYZER_NUMBER_OBJECT_CONVERSION = YES_AGGRESSIVE;
				CLANG_CXX_LANGUAGE_STANDARD = "gnu++20";
				CLANG_ENABLE_MODULES = YES;
				CLANG_ENABLE_OBJC_ARC = YES;
				CLANG_ENABLE_OBJC_WEAK = YES;
				CLANG_WARN_BLOCK_CAPTURE_AUTORELEASING = YES;
				CLANG_WARN_BOOL_CONVERSION = YES;
				CLANG_WARN_COMMA = YES;
				CLANG_WARN_CONSTANT_CONVERSION = YES;
				CLANG_WARN_DEPRECATED_OBJC_IMPLEMENTATIONS = YES;
				CLANG_WARN_DIRECT_OBJC_ISA_USAGE = YES_ERROR;
				CLANG_WARN_DOCUMENTATION_COMMENTS = YES;
				CLANG_WARN_EMPTY_BODY = YES;
				CLANG_WARN_ENUM_CONVERSION = YES;
				CLANG_WARN_INFINITE_RECURSION = YES;
				CLANG_WARN_INT_CONVERSION = YES;
				CLANG_WARN_NON_LITERAL_NULL_CONVERSION = YES;
				CLANG_WARN_OBJC_IMPLICIT_RETAIN_SELF = YES;
				CLANG_WARN_OBJC_LITERAL_CONVERSION = YES;
				CLANG_WARN_OBJC_ROOT_CLASS = YES_ERROR;
				CLANG_WARN_QUOTED_INCLUDE_IN_FRAMEWORK_HEADER = YES;
				CLANG_WARN_RANGE_LOOP_ANALYSIS = YES;
				CLANG_WARN_STRICT_PROTOTYPES = YES;
				CLANG_WARN_SUSPICIOUS_MOVE = YES;
				CLANG_WARN_UNGUARDED_AVAILABILITY = YES_AGGRESSIVE;
				CLANG_WARN_UNREACHABLE_CODE = YES;
				CLANG_WARN__DUPLICATE_METHOD_MATCH = YES;
				COPY_PHASE_STRIP = NO;
				DEBUG_INFORMATION_FORMAT = "dwarf-with-dsym";
				ENABLE_NS_ASSERTIONS = NO;
				ENABLE_STRICT_OBJC_MSGSEND = YES;
				GCC_C_LANGUAGE_STANDARD = gnu11;
				GCC_NO_COMMON_BLOCKS = YES;
				GCC_WARN_64_TO_32_BIT_CONVERSION = YES;
				GCC_WARN_ABOUT_RETURN_TYPE = YES_ERROR;
				GCC_WARN_UNDECLARED_SELECTOR = YES;
				GCC_WARN_UNINITIALIZED_AUTOS = YES_AGGRESSIVE;
				GCC_WARN_UNUSED_FUNCTION = YES;
				GCC_WARN_UNUSED_VARIABLE = YES;
				IPHONEOS_DEPLOYMENT_TARGET = 16.2;
				MTL_ENABLE_DEBUG_INFO = NO;
				MTL_FAST_MATH = YES;
				SDKROOT = iphoneos;
				SWIFT_COMPILATION_MODE = wholemodule;
				SWIFT_OPTIMIZATION_LEVEL = "-O";
				VALIDATE_PRODUCT = YES;
			};
			name = Release;
		};
		7B0438D1296095A2008D4A47 /* Debug */ = {
			isa = XCBuildConfiguration;
			buildSettings = {
				ASSETCATALOG_COMPILER_APPICON_NAME = AppIcon;
				ASSETCATALOG_COMPILER_GLOBAL_ACCENT_COLOR_NAME = AccentColor;
				CODE_SIGN_STYLE = Automatic;
				CURRENT_PROJECT_VERSION = 1;
				DEVELOPMENT_ASSET_PATHS = "\"PhotoPairs/Preview Content\"";
				DEVELOPMENT_TEAM = HF4YG7BK3U;
				ENABLE_PREVIEWS = YES;
				GENERATE_INFOPLIST_FILE = YES;
				INFOPLIST_KEY_UIApplicationSceneManifest_Generation = YES;
				INFOPLIST_KEY_UIApplicationSupportsIndirectInputEvents = YES;
				INFOPLIST_KEY_UILaunchScreen_Generation = YES;
				INFOPLIST_KEY_UISupportedInterfaceOrientations_iPad = "UIInterfaceOrientationPortrait UIInterfaceOrientationPortraitUpsideDown UIInterfaceOrientationLandscapeLeft UIInterfaceOrientationLandscapeRight";
				INFOPLIST_KEY_UISupportedInterfaceOrientations_iPhone = "UIInterfaceOrientationPortrait UIInterfaceOrientationLandscapeLeft UIInterfaceOrientationLandscapeRight";
				LD_RUNPATH_SEARCH_PATHS = (
					"$(inherited)",
					"@executable_path/Frameworks",
				);
				MARKETING_VERSION = 1.0;
				PRODUCT_BUNDLE_IDENTIFIER = com.mijocoder.PhotoPairs;
				PRODUCT_NAME = "$(TARGET_NAME)";
				SWIFT_EMIT_LOC_STRINGS = YES;
				SWIFT_VERSION = 5.0;
				TARGETED_DEVICE_FAMILY = "1,2";
			};
			name = Debug;
		};
		7B0438D2296095A2008D4A47 /* Release */ = {
			isa = XCBuildConfiguration;
			buildSettings = {
				ASSETCATALOG_COMPILER_APPICON_NAME = AppIcon;
				ASSETCATALOG_COMPILER_GLOBAL_ACCENT_COLOR_NAME = AccentColor;
				CODE_SIGN_STYLE = Automatic;
				CURRENT_PROJECT_VERSION = 1;
				DEVELOPMENT_ASSET_PATHS = "\"PhotoPairs/Preview Content\"";
				DEVELOPMENT_TEAM = HF4YG7BK3U;
				ENABLE_PREVIEWS = YES;
				GENERATE_INFOPLIST_FILE = YES;
				INFOPLIST_KEY_UIApplicationSceneManifest_Generation = YES;
				INFOPLIST_KEY_UIApplicationSupportsIndirectInputEvents = YES;
				INFOPLIST_KEY_UILaunchScreen_Generation = YES;
				INFOPLIST_KEY_UISupportedInterfaceOrientations_iPad = "UIInterfaceOrientationPortrait UIInterfaceOrientationPortraitUpsideDown UIInterfaceOrientationLandscapeLeft UIInterfaceOrientationLandscapeRight";
				INFOPLIST_KEY_UISupportedInterfaceOrientations_iPhone = "UIInterfaceOrientationPortrait UIInterfaceOrientationLandscapeLeft UIInterfaceOrientationLandscapeRight";
				LD_RUNPATH_SEARCH_PATHS = (
					"$(inherited)",
					"@executable_path/Frameworks",
				);
				MARKETING_VERSION = 1.0;
				PRODUCT_BUNDLE_IDENTIFIER = com.mijocoder.PhotoPairs;
				PRODUCT_NAME = "$(TARGET_NAME)";
				SWIFT_EMIT_LOC_STRINGS = YES;
				SWIFT_VERSION = 5.0;
				TARGETED_DEVICE_FAMILY = "1,2";
			};
			name = Release;
		};
		7B0438D4296095A2008D4A47 /* Debug */ = {
			isa = XCBuildConfiguration;
			buildSettings = {
				ALWAYS_EMBED_SWIFT_STANDARD_LIBRARIES = YES;
				BUNDLE_LOADER = "$(TEST_HOST)";
				CODE_SIGN_STYLE = Automatic;
				CURRENT_PROJECT_VERSION = 1;
				DEVELOPMENT_TEAM = HF4YG7BK3U;
				GENERATE_INFOPLIST_FILE = YES;
				IPHONEOS_DEPLOYMENT_TARGET = 16.2;
				MARKETING_VERSION = 1.0;
				PRODUCT_BUNDLE_IDENTIFIER = com.mijocoder.PhotoPairsTests;
				PRODUCT_NAME = "$(TARGET_NAME)";
				SWIFT_EMIT_LOC_STRINGS = NO;
				SWIFT_VERSION = 5.0;
				TARGETED_DEVICE_FAMILY = "1,2";
				TEST_HOST = "$(BUILT_PRODUCTS_DIR)/PhotoPairs.app/$(BUNDLE_EXECUTABLE_FOLDER_PATH)/PhotoPairs";
			};
			name = Debug;
		};
		7B0438D5296095A2008D4A47 /* Release */ = {
			isa = XCBuildConfiguration;
			buildSettings = {
				ALWAYS_EMBED_SWIFT_STANDARD_LIBRARIES = YES;
				BUNDLE_LOADER = "$(TEST_HOST)";
				CODE_SIGN_STYLE = Automatic;
				CURRENT_PROJECT_VERSION = 1;
				DEVELOPMENT_TEAM = HF4YG7BK3U;
				GENERATE_INFOPLIST_FILE = YES;
				IPHONEOS_DEPLOYMENT_TARGET = 16.2;
				MARKETING_VERSION = 1.0;
				PRODUCT_BUNDLE_IDENTIFIER = com.mijocoder.PhotoPairsTests;
				PRODUCT_NAME = "$(TARGET_NAME)";
				SWIFT_EMIT_LOC_STRINGS = NO;
				SWIFT_VERSION = 5.0;
				TARGETED_DEVICE_FAMILY = "1,2";
				TEST_HOST = "$(BUILT_PRODUCTS_DIR)/PhotoPairs.app/$(BUNDLE_EXECUTABLE_FOLDER_PATH)/PhotoPairs";
			};
			name = Release;
		};
		7B0438D7296095A2008D4A47 /* Debug */ = {
			isa = XCBuildConfiguration;
			buildSettings = {
				ALWAYS_EMBED_SWIFT_STANDARD_LIBRARIES = YES;
				CODE_SIGN_STYLE = Automatic;
				CURRENT_PROJECT_VERSION = 1;
				DEVELOPMENT_TEAM = HF4YG7BK3U;
				GENERATE_INFOPLIST_FILE = YES;
				MARKETING_VERSION = 1.0;
				PRODUCT_BUNDLE_IDENTIFIER = com.mijocoder.PhotoPairsUITests;
				PRODUCT_NAME = "$(TARGET_NAME)";
				SWIFT_EMIT_LOC_STRINGS = NO;
				SWIFT_VERSION = 5.0;
				TARGETED_DEVICE_FAMILY = "1,2";
				TEST_TARGET_NAME = PhotoPairs;
			};
			name = Debug;
		};
		7B0438D8296095A2008D4A47 /* Release */ = {
			isa = XCBuildConfiguration;
			buildSettings = {
				ALWAYS_EMBED_SWIFT_STANDARD_LIBRARIES = YES;
				CODE_SIGN_STYLE = Automatic;
				CURRENT_PROJECT_VERSION = 1;
				DEVELOPMENT_TEAM = HF4YG7BK3U;
				GENERATE_INFOPLIST_FILE = YES;
				MARKETING_VERSION = 1.0;
				PRODUCT_BUNDLE_IDENTIFIER = com.mijocoder.PhotoPairsUITests;
				PRODUCT_NAME = "$(TARGET_NAME)";
				SWIFT_EMIT_LOC_STRINGS = NO;
				SWIFT_VERSION = 5.0;
				TARGETED_DEVICE_FAMILY = "1,2";
				TEST_TARGET_NAME = PhotoPairs;
			};
			name = Release;
		};
/* End XCBuildConfiguration section */

/* Begin XCConfigurationList section */
		7B0438A7296095A0008D4A47 /* Build configuration list for PBXProject "PhotoPairs" */ = {
			isa = XCConfigurationList;
			buildConfigurations = (
				7B0438CE296095A2008D4A47 /* Debug */,
				7B0438CF296095A2008D4A47 /* Release */,
			);
			defaultConfigurationIsVisible = 0;
			defaultConfigurationName = Release;
		};
		7B0438D0296095A2008D4A47 /* Build configuration list for PBXNativeTarget "PhotoPairs" */ = {
			isa = XCConfigurationList;
			buildConfigurations = (
				7B0438D1296095A2008D4A47 /* Debug */,
				7B0438D2296095A2008D4A47 /* Release */,
			);
			defaultConfigurationIsVisible = 0;
			defaultConfigurationName = Release;
		};
		7B0438D3296095A2008D4A47 /* Build configuration list for PBXNativeTarget "PhotoPairsTests" */ = {
			isa = XCConfigurationList;
			buildConfigurations = (
				7B0438D4296095A2008D4A47 /* Debug */,
				7B0438D5296095A2008D4A47 /* Release */,
			);
			defaultConfigurationIsVisible = 0;
			defaultConfigurationName = Release;
		};
		7B0438D6296095A2008D4A47 /* Build configuration list for PBXNativeTarget "PhotoPairsUITests" */ = {
			isa = XCConfigurationList;
			buildConfigurations = (
				7B0438D7296095A2008D4A47 /* Debug */,
				7B0438D8296095A2008D4A47 /* Release */,
			);
			defaultConfigurationIsVisible = 0;
			defaultConfigurationName = Release;
		};
/* End XCConfigurationList section */
	};
	rootObject = 7B0438A4296095A0008D4A47 /* Project object */;
}
